
Microsoft Visual Studio Solution File, Format Version 12.00
# Visual Studio 15
VisualStudioVersion = 15.0.28306.52
MinimumVisualStudioVersion = 10.0.40219.1
Project("{FAE04EC0-301F-11D3-BF4B-00C04F79EFBC}") = "LEDClock.Android", "LEDClock\LEDClock.Android\LEDClock.Android.csproj", "{B4639A3E-F076-4372-9C3C-C4617695781F}"
EndProject
Project("{FAE04EC0-301F-11D3-BF4B-00C04F79EFBC}") = "LEDClock.iOS", "LEDClock\LEDClock.iOS\LEDClock.iOS.csproj", "{37B142B2-38B6-40F9-B4BA-AD74AF0DAEAE}"
EndProject
Project("{9A19103F-16F7-4668-BE54-9A1E7A4F7556}") = "LEDClock", "LEDClock\LEDClock\LEDClock.csproj", "{4E39B4DD-D40F-40A4-86B5-CC40635790FC}"
EndProject
Global
	GlobalSection(SolutionConfigurationPlatforms) = preSolution
		Ad-Hoc|Any CPU = Ad-Hoc|Any CPU
		Ad-Hoc|ARM = Ad-Hoc|ARM
		Ad-Hoc|iPhone = Ad-Hoc|iPhone
		Ad-Hoc|iPhoneSimulator = Ad-Hoc|iPhoneSimulator
		Ad-Hoc|x64 = Ad-Hoc|x64
		Ad-Hoc|x86 = Ad-Hoc|x86
		AppStore|Any CPU = AppStore|Any CPU
		AppStore|ARM = AppStore|ARM
		AppStore|iPhone = AppStore|iPhone
		AppStore|iPhoneSimulator = AppStore|iPhoneSimulator
		AppStore|x64 = AppStore|x64
		AppStore|x86 = AppStore|x86
		Debug|Any CPU = Debug|Any CPU
		Debug|ARM = Debug|ARM
		Debug|iPhone = Debug|iPhone
		Debug|iPhoneSimulator = Debug|iPhoneSimulator
		Debug|x64 = Debug|x64
		Debug|x86 = Debug|x86
		Release|Any CPU = Release|Any CPU
		Release|ARM = Release|ARM
		Release|iPhone = Release|iPhone
		Release|iPhoneSimulator = Release|iPhoneSimulator
		Release|x64 = Release|x64
		Release|x86 = Release|x86
	EndGlobalSection
	GlobalSection(ProjectConfigurationPlatforms) = postSolution
		{B4639A3E-F076-4372-9C3C-C4617695781F}.Ad-Hoc|Any CPU.ActiveCfg = Release|Any CPU
		{B4639A3E-F076-4372-9C3C-C4617695781F}.Ad-Hoc|Any CPU.Build.0 = Release|Any CPU
		{B4639A3E-F076-4372-9C3C-C4617695781F}.Ad-Hoc|Any CPU.Deploy.0 = Release|Any CPU
		{B4639A3E-F076-4372-9C3C-C4617695781F}.Ad-Hoc|ARM.ActiveCfg = Release|Any CPU
		{B4639A3E-F076-4372-9C3C-C4617695781F}.Ad-Hoc|ARM.Build.0 = Release|Any CPU
		{B4639A3E-F076-4372-9C3C-C4617695781F}.Ad-Hoc|ARM.Deploy.0 = Release|Any CPU
		{B4639A3E-F076-4372-9C3C-C4617695781F}.Ad-Hoc|iPhone.ActiveCfg = Release|Any CPU
		{B4639A3E-F076-4372-9C3C-C4617695781F}.Ad-Hoc|iPhone.Build.0 = Release|Any CPU
		{B4639A3E-F076-4372-9C3C-C4617695781F}.Ad-Hoc|iPhone.Deploy.0 = Release|Any CPU
		{B4639A3E-F076-4372-9C3C-C4617695781F}.Ad-Hoc|iPhoneSimulator.ActiveCfg = Release|Any CPU
		{B4639A3E-F076-4372-9C3C-C4617695781F}.Ad-Hoc|iPhoneSimulator.Build.0 = Release|Any CPU
		{B4639A3E-F076-4372-9C3C-C4617695781F}.Ad-Hoc|iPhoneSimulator.Deploy.0 = Release|Any CPU
		{B4639A3E-F076-4372-9C3C-C4617695781F}.Ad-Hoc|x64.ActiveCfg = Release|Any CPU
		{B4639A3E-F076-4372-9C3C-C4617695781F}.Ad-Hoc|x64.Build.0 = Release|Any CPU
		{B4639A3E-F076-4372-9C3C-C4617695781F}.Ad-Hoc|x64.Deploy.0 = Release|Any CPU
		{B4639A3E-F076-4372-9C3C-C4617695781F}.Ad-Hoc|x86.ActiveCfg = Release|Any CPU
		{B4639A3E-F076-4372-9C3C-C4617695781F}.Ad-Hoc|x86.Build.0 = Release|Any CPU
		{B4639A3E-F076-4372-9C3C-C4617695781F}.Ad-Hoc|x86.Deploy.0 = Release|Any CPU
		{B4639A3E-F076-4372-9C3C-C4617695781F}.AppStore|Any CPU.ActiveCfg = Release|Any CPU
		{B4639A3E-F076-4372-9C3C-C4617695781F}.AppStore|Any CPU.Build.0 = Release|Any CPU
		{B4639A3E-F076-4372-9C3C-C4617695781F}.AppStore|Any CPU.Deploy.0 = Release|Any CPU
		{B4639A3E-F076-4372-9C3C-C4617695781F}.AppStore|ARM.ActiveCfg = Release|Any CPU
		{B4639A3E-F076-4372-9C3C-C4617695781F}.AppStore|ARM.Build.0 = Release|Any CPU
		{B4639A3E-F076-4372-9C3C-C4617695781F}.AppStore|ARM.Deploy.0 = Release|Any CPU
		{B4639A3E-F076-4372-9C3C-C4617695781F}.AppStore|iPhone.ActiveCfg = Release|Any CPU
		{B4639A3E-F076-4372-9C3C-C4617695781F}.AppStore|iPhone.Build.0 = Release|Any CPU
		{B4639A3E-F076-4372-9C3C-C4617695781F}.AppStore|iPhone.Deploy.0 = Release|Any CPU
		{B4639A3E-F076-4372-9C3C-C4617695781F}.AppStore|iPhoneSimulator.ActiveCfg = Release|Any CPU
		{B4639A3E-F076-4372-9C3C-C4617695781F}.AppStore|iPhoneSimulator.Build.0 = Release|Any CPU
		{B4639A3E-F076-4372-9C3C-C4617695781F}.AppStore|iPhoneSimulator.Deploy.0 = Release|Any CPU
		{B4639A3E-F076-4372-9C3C-C4617695781F}.AppStore|x64.ActiveCfg = Release|Any CPU
		{B4639A3E-F076-4372-9C3C-C4617695781F}.AppStore|x64.Build.0 = Release|Any CPU
		{B4639A3E-F076-4372-9C3C-C4617695781F}.AppStore|x64.Deploy.0 = Release|Any CPU
		{B4639A3E-F076-4372-9C3C-C4617695781F}.AppStore|x86.ActiveCfg = Release|Any CPU
		{B4639A3E-F076-4372-9C3C-C4617695781F}.AppStore|x86.Build.0 = Release|Any CPU
		{B4639A3E-F076-4372-9C3C-C4617695781F}.AppStore|x86.Deploy.0 = Release|Any CPU
		{B4639A3E-F076-4372-9C3C-C4617695781F}.Debug|Any CPU.ActiveCfg = Debug|Any CPU
		{B4639A3E-F076-4372-9C3C-C4617695781F}.Debug|Any CPU.Build.0 = Debug|Any CPU
		{B4639A3E-F076-4372-9C3C-C4617695781F}.Debug|Any CPU.Deploy.0 = Debug|Any CPU
		{B4639A3E-F076-4372-9C3C-C4617695781F}.Debug|ARM.ActiveCfg = Debug|Any CPU
		{B4639A3E-F076-4372-9C3C-C4617695781F}.Debug|ARM.Build.0 = Debug|Any CPU
		{B4639A3E-F076-4372-9C3C-C4617695781F}.Debug|ARM.Deploy.0 = Debug|Any CPU
		{B4639A3E-F076-4372-9C3C-C4617695781F}.Debug|iPhone.ActiveCfg = Debug|Any CPU
		{B4639A3E-F076-4372-9C3C-C4617695781F}.Debug|iPhone.Build.0 = Debug|Any CPU
		{B4639A3E-F076-4372-9C3C-C4617695781F}.Debug|iPhone.Deploy.0 = Debug|Any CPU
		{B4639A3E-F076-4372-9C3C-C4617695781F}.Debug|iPhoneSimulator.ActiveCfg = Debug|Any CPU
		{B4639A3E-F076-4372-9C3C-C4617695781F}.Debug|iPhoneSimulator.Build.0 = Debug|Any CPU
		{B4639A3E-F076-4372-9C3C-C4617695781F}.Debug|iPhoneSimulator.Deploy.0 = Debug|Any CPU
		{B4639A3E-F076-4372-9C3C-C4617695781F}.Debug|x64.ActiveCfg = Debug|Any CPU
		{B4639A3E-F076-4372-9C3C-C4617695781F}.Debug|x64.Build.0 = Debug|Any CPU
		{B4639A3E-F076-4372-9C3C-C4617695781F}.Debug|x64.Deploy.0 = Debug|Any CPU
		{B4639A3E-F076-4372-9C3C-C4617695781F}.Debug|x86.ActiveCfg = Debug|Any CPU
		{B4639A3E-F076-4372-9C3C-C4617695781F}.Debug|x86.Build.0 = Debug|Any CPU
		{B4639A3E-F076-4372-9C3C-C4617695781F}.Debug|x86.Deploy.0 = Debug|Any CPU
		{B4639A3E-F076-4372-9C3C-C4617695781F}.Release|Any CPU.ActiveCfg = Release|Any CPU
		{B4639A3E-F076-4372-9C3C-C4617695781F}.Release|Any CPU.Build.0 = Release|Any CPU
		{B4639A3E-F076-4372-9C3C-C4617695781F}.Release|Any CPU.Deploy.0 = Release|Any CPU
		{B4639A3E-F076-4372-9C3C-C4617695781F}.Release|ARM.ActiveCfg = Release|Any CPU
		{B4639A3E-F076-4372-9C3C-C4617695781F}.Release|ARM.Build.0 = Release|Any CPU
		{B4639A3E-F076-4372-9C3C-C4617695781F}.Release|ARM.Deploy.0 = Release|Any CPU
		{B4639A3E-F076-4372-9C3C-C4617695781F}.Release|iPhone.ActiveCfg = Release|Any CPU
		{B4639A3E-F076-4372-9C3C-C4617695781F}.Release|iPhone.Build.0 = Release|Any CPU
		{B4639A3E-F076-4372-9C3C-C4617695781F}.Release|iPhone.Deploy.0 = Release|Any CPU
		{B4639A3E-F076-4372-9C3C-C4617695781F}.Release|iPhoneSimulator.ActiveCfg = Release|Any CPU
		{B4639A3E-F076-4372-9C3C-C4617695781F}.Release|iPhoneSimulator.Build.0 = Release|Any CPU
		{B4639A3E-F076-4372-9C3C-C4617695781F}.Release|iPhoneSimulator.Deploy.0 = Release|Any CPU
		{B4639A3E-F076-4372-9C3C-C4617695781F}.Release|x64.ActiveCfg = Release|Any CPU
		{B4639A3E-F076-4372-9C3C-C4617695781F}.Release|x64.Build.0 = Release|Any CPU
		{B4639A3E-F076-4372-9C3C-C4617695781F}.Release|x64.Deploy.0 = Release|Any CPU
		{B4639A3E-F076-4372-9C3C-C4617695781F}.Release|x86.ActiveCfg = Release|Any CPU
		{B4639A3E-F076-4372-9C3C-C4617695781F}.Release|x86.Build.0 = Release|Any CPU
		{B4639A3E-F076-4372-9C3C-C4617695781F}.Release|x86.Deploy.0 = Release|Any CPU
		{37B142B2-38B6-40F9-B4BA-AD74AF0DAEAE}.Ad-Hoc|Any CPU.ActiveCfg = Ad-Hoc|iPhone
		{37B142B2-38B6-40F9-B4BA-AD74AF0DAEAE}.Ad-Hoc|Any CPU.Build.0 = Ad-Hoc|iPhone
		{37B142B2-38B6-40F9-B4BA-AD74AF0DAEAE}.Ad-Hoc|Any CPU.Deploy.0 = Ad-Hoc|iPhone
		{37B142B2-38B6-40F9-B4BA-AD74AF0DAEAE}.Ad-Hoc|ARM.ActiveCfg = Ad-Hoc|iPhone
		{37B142B2-38B6-40F9-B4BA-AD74AF0DAEAE}.Ad-Hoc|ARM.Build.0 = Ad-Hoc|iPhone
		{37B142B2-38B6-40F9-B4BA-AD74AF0DAEAE}.Ad-Hoc|ARM.Deploy.0 = Ad-Hoc|iPhone
		{37B142B2-38B6-40F9-B4BA-AD74AF0DAEAE}.Ad-Hoc|iPhone.ActiveCfg = Ad-Hoc|iPhone
		{37B142B2-38B6-40F9-B4BA-AD74AF0DAEAE}.Ad-Hoc|iPhone.Build.0 = Ad-Hoc|iPhone
		{37B142B2-38B6-40F9-B4BA-AD74AF0DAEAE}.Ad-Hoc|iPhone.Deploy.0 = Ad-Hoc|iPhone
		{37B142B2-38B6-40F9-B4BA-AD74AF0DAEAE}.Ad-Hoc|iPhoneSimulator.ActiveCfg = Ad-Hoc|iPhoneSimulator
		{37B142B2-38B6-40F9-B4BA-AD74AF0DAEAE}.Ad-Hoc|iPhoneSimulator.Build.0 = Ad-Hoc|iPhoneSimulator
		{37B142B2-38B6-40F9-B4BA-AD74AF0DAEAE}.Ad-Hoc|iPhoneSimulator.Deploy.0 = Ad-Hoc|iPhoneSimulator
		{37B142B2-38B6-40F9-B4BA-AD74AF0DAEAE}.Ad-Hoc|x64.ActiveCfg = Ad-Hoc|iPhone
		{37B142B2-38B6-40F9-B4BA-AD74AF0DAEAE}.Ad-Hoc|x64.Build.0 = Ad-Hoc|iPhone
		{37B142B2-38B6-40F9-B4BA-AD74AF0DAEAE}.Ad-Hoc|x64.Deploy.0 = Ad-Hoc|iPhone
		{37B142B2-38B6-40F9-B4BA-AD74AF0DAEAE}.Ad-Hoc|x86.ActiveCfg = Ad-Hoc|iPhone
		{37B142B2-38B6-40F9-B4BA-AD74AF0DAEAE}.Ad-Hoc|x86.Build.0 = Ad-Hoc|iPhone
		{37B142B2-38B6-40F9-B4BA-AD74AF0DAEAE}.Ad-Hoc|x86.Deploy.0 = Ad-Hoc|iPhone
		{37B142B2-38B6-40F9-B4BA-AD74AF0DAEAE}.AppStore|Any CPU.ActiveCfg = AppStore|iPhone
		{37B142B2-38B6-40F9-B4BA-AD74AF0DAEAE}.AppStore|Any CPU.Build.0 = AppStore|iPhone
		{37B142B2-38B6-40F9-B4BA-AD74AF0DAEAE}.AppStore|Any CPU.Deploy.0 = AppStore|iPhone
		{37B142B2-38B6-40F9-B4BA-AD74AF0DAEAE}.AppStore|ARM.ActiveCfg = AppStore|iPhone
		{37B142B2-38B6-40F9-B4BA-AD74AF0DAEAE}.AppStore|ARM.Build.0 = AppStore|iPhone
		{37B142B2-38B6-40F9-B4BA-AD74AF0DAEAE}.AppStore|ARM.Deploy.0 = AppStore|iPhone
		{37B142B2-38B6-40F9-B4BA-AD74AF0DAEAE}.AppStore|iPhone.ActiveCfg = AppStore|iPhone
		{37B142B2-38B6-40F9-B4BA-AD74AF0DAEAE}.AppStore|iPhone.Build.0 = AppStore|iPhone
		{37B142B2-38B6-40F9-B4BA-AD74AF0DAEAE}.AppStore|iPhone.Deploy.0 = AppStore|iPhone
		{37B142B2-38B6-40F9-B4BA-AD74AF0DAEAE}.AppStore|iPhoneSimulator.ActiveCfg = AppStore|iPhoneSimulator
		{37B142B2-38B6-40F9-B4BA-AD74AF0DAEAE}.AppStore|iPhoneSimulator.Build.0 = AppStore|iPhoneSimulator
		{37B142B2-38B6-40F9-B4BA-AD74AF0DAEAE}.AppStore|iPhoneSimulator.Deploy.0 = AppStore|iPhoneSimulator
		{37B142B2-38B6-40F9-B4BA-AD74AF0DAEAE}.AppStore|x64.ActiveCfg = AppStore|iPhone
		{37B142B2-38B6-40F9-B4BA-AD74AF0DAEAE}.AppStore|x64.Build.0 = AppStore|iPhone
		{37B142B2-38B6-40F9-B4BA-AD74AF0DAEAE}.AppStore|x64.Deploy.0 = AppStore|iPhone
		{37B142B2-38B6-40F9-B4BA-AD74AF0DAEAE}.AppStore|x86.ActiveCfg = AppStore|iPhone
		{37B142B2-38B6-40F9-B4BA-AD74AF0DAEAE}.AppStore|x86.Build.0 = AppStore|iPhone
		{37B142B2-38B6-40F9-B4BA-AD74AF0DAEAE}.AppStore|x86.Deploy.0 = AppStore|iPhone
		{37B142B2-38B6-40F9-B4BA-AD74AF0DAEAE}.Debug|Any CPU.ActiveCfg = Debug|iPhoneSimulator
		{37B142B2-38B6-40F9-B4BA-AD74AF0DAEAE}.Debug|Any CPU.Deploy.0 = Debug|iPhoneSimulator
		{37B142B2-38B6-40F9-B4BA-AD74AF0DAEAE}.Debug|ARM.ActiveCfg = Debug|iPhone
		{37B142B2-38B6-40F9-B4BA-AD74AF0DAEAE}.Debug|ARM.Build.0 = Debug|iPhone
		{37B142B2-38B6-40F9-B4BA-AD74AF0DAEAE}.Debug|ARM.Deploy.0 = Debug|iPhone
		{37B142B2-38B6-40F9-B4BA-AD74AF0DAEAE}.Debug|iPhone.ActiveCfg = Debug|iPhone
		{37B142B2-38B6-40F9-B4BA-AD74AF0DAEAE}.Debug|iPhone.Build.0 = Debug|iPhone
		{37B142B2-38B6-40F9-B4BA-AD74AF0DAEAE}.Debug|iPhone.Deploy.0 = Debug|iPhone
		{37B142B2-38B6-40F9-B4BA-AD74AF0DAEAE}.Debug|iPhoneSimulator.ActiveCfg = Debug|iPhoneSimulator
		{37B142B2-38B6-40F9-B4BA-AD74AF0DAEAE}.Debug|iPhoneSimulator.Build.0 = Debug|iPhoneSimulator
		{37B142B2-38B6-40F9-B4BA-AD74AF0DAEAE}.Debug|iPhoneSimulator.Deploy.0 = Debug|iPhoneSimulator
		{37B142B2-38B6-40F9-B4BA-AD74AF0DAEAE}.Debug|x64.ActiveCfg = Debug|iPhone
		{37B142B2-38B6-40F9-B4BA-AD74AF0DAEAE}.Debug|x64.Build.0 = Debug|iPhone
		{37B142B2-38B6-40F9-B4BA-AD74AF0DAEAE}.Debug|x64.Deploy.0 = Debug|iPhone
		{37B142B2-38B6-40F9-B4BA-AD74AF0DAEAE}.Debug|x86.ActiveCfg = Debug|iPhone
		{37B142B2-38B6-40F9-B4BA-AD74AF0DAEAE}.Debug|x86.Build.0 = Debug|iPhone
		{37B142B2-38B6-40F9-B4BA-AD74AF0DAEAE}.Debug|x86.Deploy.0 = Debug|iPhone
		{37B142B2-38B6-40F9-B4BA-AD74AF0DAEAE}.Release|Any CPU.ActiveCfg = Release|iPhone
		{37B142B2-38B6-40F9-B4BA-AD74AF0DAEAE}.Release|Any CPU.Build.0 = Release|iPhone
		{37B142B2-38B6-40F9-B4BA-AD74AF0DAEAE}.Release|Any CPU.Deploy.0 = Release|iPhone
		{37B142B2-38B6-40F9-B4BA-AD74AF0DAEAE}.Release|ARM.ActiveCfg = Release|iPhone
		{37B142B2-38B6-40F9-B4BA-AD74AF0DAEAE}.Release|ARM.Build.0 = Release|iPhone
		{37B142B2-38B6-40F9-B4BA-AD74AF0DAEAE}.Release|ARM.Deploy.0 = Release|iPhone
		{37B142B2-38B6-40F9-B4BA-AD74AF0DAEAE}.Release|iPhone.ActiveCfg = Release|iPhone
		{37B142B2-38B6-40F9-B4BA-AD74AF0DAEAE}.Release|iPhone.Build.0 = Release|iPhone
		{37B142B2-38B6-40F9-B4BA-AD74AF0DAEAE}.Release|iPhone.Deploy.0 = Release|iPhone
		{37B142B2-38B6-40F9-B4BA-AD74AF0DAEAE}.Release|iPhoneSimulator.ActiveCfg = Release|iPhoneSimulator
		{37B142B2-38B6-40F9-B4BA-AD74AF0DAEAE}.Release|iPhoneSimulator.Build.0 = Release|iPhoneSimulator
		{37B142B2-38B6-40F9-B4BA-AD74AF0DAEAE}.Release|iPhoneSimulator.Deploy.0 = Release|iPhoneSimulator
		{37B142B2-38B6-40F9-B4BA-AD74AF0DAEAE}.Release|x64.ActiveCfg = Release|iPhone
		{37B142B2-38B6-40F9-B4BA-AD74AF0DAEAE}.Release|x64.Build.0 = Release|iPhone
		{37B142B2-38B6-40F9-B4BA-AD74AF0DAEAE}.Release|x64.Deploy.0 = Release|iPhone
		{37B142B2-38B6-40F9-B4BA-AD74AF0DAEAE}.Release|x86.ActiveCfg = Release|iPhone
		{37B142B2-38B6-40F9-B4BA-AD74AF0DAEAE}.Release|x86.Build.0 = Release|iPhone
		{37B142B2-38B6-40F9-B4BA-AD74AF0DAEAE}.Release|x86.Deploy.0 = Release|iPhone
		{4E39B4DD-D40F-40A4-86B5-CC40635790FC}.Ad-Hoc|Any CPU.ActiveCfg = Debug|Any CPU
		{4E39B4DD-D40F-40A4-86B5-CC40635790FC}.Ad-Hoc|Any CPU.Build.0 = Debug|Any CPU
		{4E39B4DD-D40F-40A4-86B5-CC40635790FC}.Ad-Hoc|Any CPU.Deploy.0 = Debug|Any CPU
		{4E39B4DD-D40F-40A4-86B5-CC40635790FC}.Ad-Hoc|ARM.ActiveCfg = Debug|Any CPU
		{4E39B4DD-D40F-40A4-86B5-CC40635790FC}.Ad-Hoc|ARM.Build.0 = Debug|Any CPU
		{4E39B4DD-D40F-40A4-86B5-CC40635790FC}.Ad-Hoc|ARM.Deploy.0 = Debug|Any CPU
		{4E39B4DD-D40F-40A4-86B5-CC40635790FC}.Ad-Hoc|iPhone.ActiveCfg = Debug|Any CPU
		{4E39B4DD-D40F-40A4-86B5-CC40635790FC}.Ad-Hoc|iPhone.Build.0 = Debug|Any CPU
		{4E39B4DD-D40F-40A4-86B5-CC40635790FC}.Ad-Hoc|iPhone.Deploy.0 = Debug|Any CPU
		{4E39B4DD-D40F-40A4-86B5-CC40635790FC}.Ad-Hoc|iPhoneSimulator.ActiveCfg = Debug|Any CPU
		{4E39B4DD-D40F-40A4-86B5-CC40635790FC}.Ad-Hoc|iPhoneSimulator.Build.0 = Debug|Any CPU
		{4E39B4DD-D40F-40A4-86B5-CC40635790FC}.Ad-Hoc|iPhoneSimulator.Deploy.0 = Debug|Any CPU
		{4E39B4DD-D40F-40A4-86B5-CC40635790FC}.Ad-Hoc|x64.ActiveCfg = Debug|Any CPU
		{4E39B4DD-D40F-40A4-86B5-CC40635790FC}.Ad-Hoc|x64.Build.0 = Debug|Any CPU
		{4E39B4DD-D40F-40A4-86B5-CC40635790FC}.Ad-Hoc|x64.Deploy.0 = Debug|Any CPU
		{4E39B4DD-D40F-40A4-86B5-CC40635790FC}.Ad-Hoc|x86.ActiveCfg = Debug|Any CPU
		{4E39B4DD-D40F-40A4-86B5-CC40635790FC}.Ad-Hoc|x86.Build.0 = Debug|Any CPU
		{4E39B4DD-D40F-40A4-86B5-CC40635790FC}.Ad-Hoc|x86.Deploy.0 = Debug|Any CPU
		{4E39B4DD-D40F-40A4-86B5-CC40635790FC}.AppStore|Any CPU.ActiveCfg = Debug|Any CPU
		{4E39B4DD-D40F-40A4-86B5-CC40635790FC}.AppStore|Any CPU.Build.0 = Debug|Any CPU
		{4E39B4DD-D40F-40A4-86B5-CC40635790FC}.AppStore|Any CPU.Deploy.0 = Debug|Any CPU
		{4E39B4DD-D40F-40A4-86B5-CC40635790FC}.AppStore|ARM.ActiveCfg = Debug|Any CPU
		{4E39B4DD-D40F-40A4-86B5-CC40635790FC}.AppStore|ARM.Build.0 = Debug|Any CPU
		{4E39B4DD-D40F-40A4-86B5-CC40635790FC}.AppStore|ARM.Deploy.0 = Debug|Any CPU
		{4E39B4DD-D40F-40A4-86B5-CC40635790FC}.AppStore|iPhone.ActiveCfg = Debug|Any CPU
		{4E39B4DD-D40F-40A4-86B5-CC40635790FC}.AppStore|iPhone.Build.0 = Debug|Any CPU
		{4E39B4DD-D40F-40A4-86B5-CC40635790FC}.AppStore|iPhone.Deploy.0 = Debug|Any CPU
		{4E39B4DD-D40F-40A4-86B5-CC40635790FC}.AppStore|iPhoneSimulator.ActiveCfg = Debug|Any CPU
		{4E39B4DD-D40F-40A4-86B5-CC40635790FC}.AppStore|iPhoneSimulator.Build.0 = Debug|Any CPU
		{4E39B4DD-D40F-40A4-86B5-CC40635790FC}.AppStore|iPhoneSimulator.Deploy.0 = Debug|Any CPU
		{4E39B4DD-D40F-40A4-86B5-CC40635790FC}.AppStore|x64.ActiveCfg = Debug|Any CPU
		{4E39B4DD-D40F-40A4-86B5-CC40635790FC}.AppStore|x64.Build.0 = Debug|Any CPU
		{4E39B4DD-D40F-40A4-86B5-CC40635790FC}.AppStore|x64.Deploy.0 = Debug|Any CPU
		{4E39B4DD-D40F-40A4-86B5-CC40635790FC}.AppStore|x86.ActiveCfg = Debug|Any CPU
		{4E39B4DD-D40F-40A4-86B5-CC40635790FC}.AppStore|x86.Build.0 = Debug|Any CPU
		{4E39B4DD-D40F-40A4-86B5-CC40635790FC}.AppStore|x86.Deploy.0 = Debug|Any CPU
		{4E39B4DD-D40F-40A4-86B5-CC40635790FC}.Debug|Any CPU.ActiveCfg = Debug|Any CPU
		{4E39B4DD-D40F-40A4-86B5-CC40635790FC}.Debug|Any CPU.Build.0 = Debug|Any CPU
		{4E39B4DD-D40F-40A4-86B5-CC40635790FC}.Debug|Any CPU.Deploy.0 = Debug|Any CPU
		{4E39B4DD-D40F-40A4-86B5-CC40635790FC}.Debug|ARM.ActiveCfg = Debug|Any CPU
		{4E39B4DD-D40F-40A4-86B5-CC40635790FC}.Debug|ARM.Build.0 = Debug|Any CPU
		{4E39B4DD-D40F-40A4-86B5-CC40635790FC}.Debug|ARM.Deploy.0 = Debug|Any CPU
		{4E39B4DD-D40F-40A4-86B5-CC40635790FC}.Debug|iPhone.ActiveCfg = Debug|Any CPU
		{4E39B4DD-D40F-40A4-86B5-CC40635790FC}.Debug|iPhone.Build.0 = Debug|Any CPU
		{4E39B4DD-D40F-40A4-86B5-CC40635790FC}.Debug|iPhone.Deploy.0 = Debug|Any CPU
		{4E39B4DD-D40F-40A4-86B5-CC40635790FC}.Debug|iPhoneSimulator.ActiveCfg = Debug|Any CPU
		{4E39B4DD-D40F-40A4-86B5-CC40635790FC}.Debug|iPhoneSimulator.Build.0 = Debug|Any CPU
		{4E39B4DD-D40F-40A4-86B5-CC40635790FC}.Debug|iPhoneSimulator.Deploy.0 = Debug|Any CPU
		{4E39B4DD-D40F-40A4-86B5-CC40635790FC}.Debug|x64.ActiveCfg = Debug|Any CPU
		{4E39B4DD-D40F-40A4-86B5-CC40635790FC}.Debug|x64.Build.0 = Debug|Any CPU
		{4E39B4DD-D40F-40A4-86B5-CC40635790FC}.Debug|x64.Deploy.0 = Debug|Any CPU
		{4E39B4DD-D40F-40A4-86B5-CC40635790FC}.Debug|x86.ActiveCfg = Debug|Any CPU
		{4E39B4DD-D40F-40A4-86B5-CC40635790FC}.Debug|x86.Build.0 = Debug|Any CPU
		{4E39B4DD-D40F-40A4-86B5-CC40635790FC}.Debug|x86.Deploy.0 = Debug|Any CPU
		{4E39B4DD-D40F-40A4-86B5-CC40635790FC}.Release|Any CPU.ActiveCfg = Release|Any CPU
		{4E39B4DD-D40F-40A4-86B5-CC40635790FC}.Release|Any CPU.Build.0 = Release|Any CPU
		{4E39B4DD-D40F-40A4-86B5-CC40635790FC}.Release|Any CPU.Deploy.0 = Release|Any CPU
		{4E39B4DD-D40F-40A4-86B5-CC40635790FC}.Release|ARM.ActiveCfg = Release|Any CPU
		{4E39B4DD-D40F-40A4-86B5-CC40635790FC}.Release|ARM.Build.0 = Release|Any CPU
		{4E39B4DD-D40F-40A4-86B5-CC40635790FC}.Release|ARM.Deploy.0 = Release|Any CPU
		{4E39B4DD-D40F-40A4-86B5-CC40635790FC}.Release|iPhone.ActiveCfg = Release|Any CPU
		{4E39B4DD-D40F-40A4-86B5-CC40635790FC}.Release|iPhone.Build.0 = Release|Any CPU
		{4E39B4DD-D40F-40A4-86B5-CC40635790FC}.Release|iPhone.Deploy.0 = Release|Any CPU
		{4E39B4DD-D40F-40A4-86B5-CC40635790FC}.Release|iPhoneSimulator.ActiveCfg = Release|Any CPU
		{4E39B4DD-D40F-40A4-86B5-CC40635790FC}.Release|iPhoneSimulator.Build.0 = Release|Any CPU
		{4E39B4DD-D40F-40A4-86B5-CC40635790FC}.Release|iPhoneSimulator.Deploy.0 = Release|Any CPU
		{4E39B4DD-D40F-40A4-86B5-CC40635790FC}.Release|x64.ActiveCfg = Release|Any CPU
		{4E39B4DD-D40F-40A4-86B5-CC40635790FC}.Release|x64.Build.0 = Release|Any CPU
		{4E39B4DD-D40F-40A4-86B5-CC40635790FC}.Release|x64.Deploy.0 = Release|Any CPU
		{4E39B4DD-D40F-40A4-86B5-CC40635790FC}.Release|x86.ActiveCfg = Release|Any CPU
		{4E39B4DD-D40F-40A4-86B5-CC40635790FC}.Release|x86.Build.0 = Release|Any CPU
		{4E39B4DD-D40F-40A4-86B5-CC40635790FC}.Release|x86.Deploy.0 = Release|Any CPU
	EndGlobalSection
	GlobalSection(SolutionProperties) = preSolution
		HideSolutionNode = FALSE
	EndGlobalSection
	GlobalSection(ExtensibilityGlobals) = postSolution
		SolutionGuid = {CA3A795D-B33D-4E7B-825C-D47100CB172B}
	EndGlobalSection
EndGlobal
